
Microsoft Visual Studio Solution File, Format Version 12.00
# Visual Studio 15
VisualStudioVersion = 15.0.26430.15
MinimumVisualStudioVersion = 10.0.40219.1
Project("{FAE04EC0-301F-11D3-BF4B-00C04F79EFBC}") = "AI.FunctionGraphs", "AI.FunctionGraphs\AI.FunctionGraphs.csproj", "{63374490-E060-4E54-B4B9-B1FF49587CF7}"
EndProject
Project("{FAE04EC0-301F-11D3-BF4B-00C04F79EFBC}") = "Test", "Test\Test.csproj", "{AF5BA48D-B544-4BA1-A7B5-1AF7340DD697}"
EndProject
Global
	GlobalSection(SolutionConfigurationPlatforms) = preSolution
		Debug|Any CPU = Debug|Any CPU
		Release|Any CPU = Release|Any CPU
	EndGlobalSection
	GlobalSection(ProjectConfigurationPlatforms) = postSolution
		{63374490-E060-4E54-B4B9-B1FF49587CF7}.Debug|Any CPU.ActiveCfg = Debug|Any CPU
		{63374490-E060-4E54-B4B9-B1FF49587CF7}.Debug|Any CPU.Build.0 = Debug|Any CPU
		{63374490-E060-4E54-B4B9-B1FF49587CF7}.Release|Any CPU.ActiveCfg = Release|Any CPU
		{63374490-E060-4E54-B4B9-B1FF49587CF7}.Release|Any CPU.Build.0 = Release|Any CPU
		{AF5BA48D-B544-4BA1-A7B5-1AF7340DD697}.Debug|Any CPU.ActiveCfg = Debug|Any CPU
		{AF5BA48D-B544-4BA1-A7B5-1AF7340DD697}.Debug|Any CPU.Build.0 = Debug|Any CPU
		{AF5BA48D-B544-4BA1-A7B5-1AF7340DD697}.Release|Any CPU.ActiveCfg = Release|Any CPU
		{AF5BA48D-B544-4BA1-A7B5-1AF7340DD697}.Release|Any CPU.Build.0 = Release|Any CPU
	EndGlobalSection
	GlobalSection(SolutionProperties) = preSolution
		HideSolutionNode = FALSE
	EndGlobalSection
EndGlobal
